
Microsoft Visual Studio Solution File, Format Version 12.00
# Visual Studio Version 16
VisualStudioVersion = 16.0.30104.148
MinimumVisualStudioVersion = 10.0.40219.1
Project("{FAE04EC0-301F-11D3-BF4B-00C04F79EFBC}") = "lec60", "lec60.csproj", "{C5C0A807-8B47-4909-8683-110F5F3FE8BC}"
EndProject
Global
	GlobalSection(SolutionConfigurationPlatforms) = preSolution
		Debug|Any CPU = Debug|Any CPU
		Release|Any CPU = Release|Any CPU
	EndGlobalSection
	GlobalSection(ProjectConfigurationPlatforms) = postSolution
		{C5C0A807-8B47-4909-8683-110F5F3FE8BC}.Debug|Any CPU.ActiveCfg = Debug|Any CPU
		{C5C0A807-8B47-4909-8683-110F5F3FE8BC}.Debug|Any CPU.Build.0 = Debug|Any CPU
		{C5C0A807-8B47-4909-8683-110F5F3FE8BC}.Release|Any CPU.ActiveCfg = Release|Any CPU
		{C5C0A807-8B47-4909-8683-110F5F3FE8BC}.Release|Any CPU.Build.0 = Release|Any CPU
	EndGlobalSection
	GlobalSection(SolutionProperties) = preSolution
		HideSolutionNode = FALSE
	EndGlobalSection
	GlobalSection(ExtensibilityGlobals) = postSolution
		SolutionGuid = {B98D3DF0-BB91-446B-868C-E0F20FE80D03}
	EndGlobalSection
EndGlobal
