
Microsoft Visual Studio Solution File, Format Version 12.00
# Visual Studio Version 16
VisualStudioVersion = 16.0.29424.173
MinimumVisualStudioVersion = 10.0.40219.1
Project("{FAE04EC0-301F-11D3-BF4B-00C04F79EFBC}") = "hanoitower", "hanoitower.csproj", "{2C02945F-7A64-46A6-8241-3A41DFB78421}"
EndProject
Global
	GlobalSection(SolutionConfigurationPlatforms) = preSolution
		Debug|Any CPU = Debug|Any CPU
		Release|Any CPU = Release|Any CPU
	EndGlobalSection
	GlobalSection(ProjectConfigurationPlatforms) = postSolution
		{2C02945F-7A64-46A6-8241-3A41DFB78421}.Debug|Any CPU.ActiveCfg = Debug|Any CPU
		{2C02945F-7A64-46A6-8241-3A41DFB78421}.Debug|Any CPU.Build.0 = Debug|Any CPU
		{2C02945F-7A64-46A6-8241-3A41DFB78421}.Release|Any CPU.ActiveCfg = Release|Any CPU
		{2C02945F-7A64-46A6-8241-3A41DFB78421}.Release|Any CPU.Build.0 = Release|Any CPU
	EndGlobalSection
	GlobalSection(SolutionProperties) = preSolution
		HideSolutionNode = FALSE
	EndGlobalSection
	GlobalSection(ExtensibilityGlobals) = postSolution
		SolutionGuid = {0FA11DC8-EEC7-4BAA-A9B0-2FFC22364514}
	EndGlobalSection
EndGlobal
